
Microsoft Visual Studio Solution File, Format Version 12.00
# Visual Studio 15
VisualStudioVersion = 15.0.27130.2010
MinimumVisualStudioVersion = 10.0.40219.1
Project("{9A19103F-16F7-4668-BE54-9A1E7A4F7556}") = "SlugHub.SqlServer", "src\SlugHub.SqlServer\SlugHub.SqlServer.csproj", "{D3B09939-4E4B-4DBE-93C1-6ECCB6760486}"
EndProject
Project("{9A19103F-16F7-4668-BE54-9A1E7A4F7556}") = "SlugHub.SqlServer.ConsoleAppSample", "samples\SlugHub.SqlServer.ConsoleAppSample\SlugHub.SqlServer.ConsoleAppSample.csproj", "{5B9C78A0-4F25-450D-8E06-5153B00A00D5}"
EndProject
Project("{2150E333-8FDC-42A3-9474-1A3956D46DE8}") = "Solution Items", "Solution Items", "{D1A372BD-5363-47BB-9E27-828869EE476C}"
	ProjectSection(SolutionItems) = preProject
		appveyor.yml = appveyor.yml
	EndProjectSection
EndProject
Global
	GlobalSection(SolutionConfigurationPlatforms) = preSolution
		Debug|Any CPU = Debug|Any CPU
		Release|Any CPU = Release|Any CPU
	EndGlobalSection
	GlobalSection(ProjectConfigurationPlatforms) = postSolution
		{D3B09939-4E4B-4DBE-93C1-6ECCB6760486}.Debug|Any CPU.ActiveCfg = Debug|Any CPU
		{D3B09939-4E4B-4DBE-93C1-6ECCB6760486}.Debug|Any CPU.Build.0 = Debug|Any CPU
		{D3B09939-4E4B-4DBE-93C1-6ECCB6760486}.Release|Any CPU.ActiveCfg = Release|Any CPU
		{D3B09939-4E4B-4DBE-93C1-6ECCB6760486}.Release|Any CPU.Build.0 = Release|Any CPU
		{5B9C78A0-4F25-450D-8E06-5153B00A00D5}.Debug|Any CPU.ActiveCfg = Debug|Any CPU
		{5B9C78A0-4F25-450D-8E06-5153B00A00D5}.Debug|Any CPU.Build.0 = Debug|Any CPU
		{5B9C78A0-4F25-450D-8E06-5153B00A00D5}.Release|Any CPU.ActiveCfg = Release|Any CPU
		{5B9C78A0-4F25-450D-8E06-5153B00A00D5}.Release|Any CPU.Build.0 = Release|Any CPU
	EndGlobalSection
	GlobalSection(SolutionProperties) = preSolution
		HideSolutionNode = FALSE
	EndGlobalSection
	GlobalSection(ExtensibilityGlobals) = postSolution
		SolutionGuid = {27E0BD3D-A0EA-4F25-9D8E-45C85DAE327C}
	EndGlobalSection
EndGlobal
